<?xml version="1.0" encoding="utf-8"?>
<Project ToolsVersion="15.0" xmlns="http://schemas.microsoft.com/developer/msbuild/2003">
  <ItemGroup>
    <ClCompile Include="C:\Users\40223535\Desktop\smallpt\smallpt\smallpt.cpp">
      <Filter>Source Files</Filter>
    </ClCompile>
  </ItemGroup>
  <ItemGroup>
    <CustomBuild Include="C:\Users\40223535\Desktop\smallpt\smallpt\CMakeLists.txt" />
  </ItemGroup>
  <ItemGroup>
    <Filter Include="Source Files">
      <UniqueIdentifier>{21A3D0FA-5EA7-3D73-B225-B307ADCE47A1}</UniqueIdentifier>
    </Filter>
  </ItemGroup>
</Project>
