<?xml version="1.0" encoding="utf-8"?>
<Project ToolsVersion="15.0" xmlns="http://schemas.microsoft.com/developer/msbuild/2003">
  <ItemGroup>
    <CustomBuild Include="C:\Users\40223535\Desktop\smallpt\smallpt\binary\CMakeFiles\07c2155d19fd2d308c6ac6015dcd5ba1\generate.stamp.rule">
      <Filter>CMake Rules</Filter>
    </CustomBuild>
  </ItemGroup>
  <ItemGroup>
    <Filter Include="CMake Rules">
      <UniqueIdentifier>{EF1794F1-B9F3-370C-BB31-ADF137B76D27}</UniqueIdentifier>
    </Filter>
  </ItemGroup>
</Project>
